
Microsoft Visual Studio Solution File, Format Version 12.00
# Visual Studio Version 17
VisualStudioVersion = 17.2.32616.157
MinimumVisualStudioVersion = 10.0.40219.1
Project("{FAE04EC0-301F-11D3-BF4B-00C04F79EFBC}") = "Programm", "Programm\Programm.csproj", "{0AA62DCC-48A3-4A6C-A4E3-5F1DA6BF8F0A}"
EndProject
Global
	GlobalSection(SolutionConfigurationPlatforms) = preSolution
		Debug|Any CPU = Debug|Any CPU
		Release|Any CPU = Release|Any CPU
	EndGlobalSection
	GlobalSection(ProjectConfigurationPlatforms) = postSolution
		{0AA62DCC-48A3-4A6C-A4E3-5F1DA6BF8F0A}.Debug|Any CPU.ActiveCfg = Debug|Any CPU
		{0AA62DCC-48A3-4A6C-A4E3-5F1DA6BF8F0A}.Debug|Any CPU.Build.0 = Debug|Any CPU
		{0AA62DCC-48A3-4A6C-A4E3-5F1DA6BF8F0A}.Release|Any CPU.ActiveCfg = Release|Any CPU
		{0AA62DCC-48A3-4A6C-A4E3-5F1DA6BF8F0A}.Release|Any CPU.Build.0 = Release|Any CPU
	EndGlobalSection
	GlobalSection(SolutionProperties) = preSolution
		HideSolutionNode = FALSE
	EndGlobalSection
	GlobalSection(ExtensibilityGlobals) = postSolution
		SolutionGuid = {F808B294-EAFE-44FB-99B6-6DADCDDC02C1}
	EndGlobalSection
EndGlobal
